{
  "requires": true,
  "lockfileVersion": 1,
  "dependencies": {
    "camel-case": {
      "version": "3.0.0",
      "resolved": "http://registry.npm.taobao.org/camel-case/download/camel-case-3.0.0.tgz",
      "integrity": "sha1-yjw2iKTpzzpM2nd9xNy8cTJJz3M=",
      "requires": {
        "no-case": "2.3.2",
        "upper-case": "1.1.3"
      }
    },
    "checkup": {
      "version": "1.3.0",
      "resolved": "http://registry.npm.taobao.org/checkup/download/checkup-1.3.0.tgz",
      "integrity": "sha1-04ACdv6l0PJH/8lRvnjIsC+ODXY="
    },
    "clean-css": {
      "version": "4.1.9",
      "resolved": "http://registry.npm.taobao.org/clean-css/download/clean-css-4.1.9.tgz",
      "integrity": "sha1-Nc7ornaHpJuYA09w3gDE7dOCYwE=",
      "requires": {
        "source-map": "0.5.7"
      }
    },
    "commander": {
      "version": "2.12.2",
      "resolved": "http://registry.npm.taobao.org/commander/download/commander-2.12.2.tgz",
      "integrity": "sha1-D1lGxCftnsDZGka7ne9T5UZQ5VU="
    },
    "css-b64-images": {
      "version": "0.2.5",
      "resolved": "http://registry.npm.taobao.org/css-b64-images/download/css-b64-images-0.2.5.tgz",
      "integrity": "sha1-QgBdgyBLK0pdk7axpWRBM7WSegI="
    },
    "debug": {
      "version": "3.1.0",
      "resolved": "http://registry.npm.taobao.org/debug/download/debug-3.1.0.tgz",
      "integrity": "sha1-W7WgZyYotkFJVmuhaBnmFRjGcmE=",
      "requires": {
        "ms": "2.0.0"
      }
    },
    "execon": {
      "version": "1.2.9",
      "resolved": "http://registry.npm.taobao.org/execon/download/execon-1.2.9.tgz",
      "integrity": "sha1-bbETM9zIJPHxPnMX/tDZSi8mSR8="
    },
    "he": {
      "version": "1.1.1",
      "resolved": "http://registry.npm.taobao.org/he/download/he-1.1.1.tgz",
      "integrity": "sha1-k0EP0hsAlzUVH4howvJx80J+I/0="
    },
    "html-minifier": {
      "version": "3.5.8",
      "resolved": "http://registry.npm.taobao.org/html-minifier/download/html-minifier-3.5.8.tgz",
      "integrity": "sha1-XM2x9zoNZU5gkBR1Efbmsu4xJwA=",
      "requires": {
        "camel-case": "3.0.0",
        "clean-css": "4.1.9",
        "commander": "2.12.2",
        "he": "1.1.1",
        "ncname": "1.0.0",
        "param-case": "2.1.1",
        "relateurl": "0.2.7",
        "uglify-js": "3.3.7"
      }
    },
    "ischanged": {
      "version": "1.0.18",
      "resolved": "http://registry.npm.taobao.org/ischanged/download/ischanged-1.0.18.tgz",
      "integrity": "sha1-IFZ/pssBgcVrme2zz8GMrbGWYcQ=",
      "requires": {
        "checkup": "1.3.0",
        "debug": "2.6.9",
        "mkdirp": "0.5.1",
        "readjson": "1.1.3",
        "timem": "1.1.2",
        "writejson": "1.1.1"
      },
      "dependencies": {
        "debug": {
          "version": "2.6.9",
          "resolved": "http://registry.npm.taobao.org/debug/download/debug-2.6.9.tgz",
          "integrity": "sha1-XRKFFd8TT/Mn6QpMk/Tgd6U2NB8=",
          "requires": {
            "ms": "2.0.0"
          }
        }
      }
    },
    "lower-case": {
      "version": "1.1.4",
      "resolved": "http://registry.npm.taobao.org/lower-case/download/lower-case-1.1.4.tgz",
      "integrity": "sha1-miyr0bno4K6ZOkv31YdcOcQujqw="
    },
    "minify": {
      "version": "3.0.2",
      "resolved": "http://registry.npm.taobao.org/minify/download/minify-3.0.2.tgz",
      "integrity": "sha1-z5UL2+EWVT0j7oiI4FRiDBVHlws=",
      "requires": {
        "clean-css": "4.1.9",
        "css-b64-images": "0.2.5",
        "debug": "3.1.0",
        "execon": "1.2.9",
        "html-minifier": "3.5.8",
        "tomas": "2.0.2",
        "try-catch": "1.0.0",
        "uglify-js": "3.3.7"
      }
    },
    "minimist": {
      "version": "0.0.8",
      "resolved": "http://registry.npm.taobao.org/minimist/download/minimist-0.0.8.tgz",
      "integrity": "sha1-hX/Kv8M5fSYluCKCYuhqp6ARsF0="
    },
    "mkdirp": {
      "version": "0.5.1",
      "resolved": "http://registry.npm.taobao.org/mkdirp/download/mkdirp-0.5.1.tgz",
      "integrity": "sha1-MAV0OOrGz3+MR2fzhkjWaX11yQM=",
      "requires": {
        "minimist": "0.0.8"
      }
    },
    "ms": {
      "version": "2.0.0",
      "resolved": "http://registry.npm.taobao.org/ms/download/ms-2.0.0.tgz",
      "integrity": "sha1-VgiurfwAvmwpAd9fmGF4jeDVl8g="
    },
    "ncname": {
      "version": "1.0.0",
      "resolved": "http://registry.npm.taobao.org/ncname/download/ncname-1.0.0.tgz",
      "integrity": "sha1-W1etGLHKCShk72Kwse2BlPODtxw=",
      "requires": {
        "xml-char-classes": "1.0.0"
      }
    },
    "no-case": {
      "version": "2.3.2",
      "resolved": "http://registry.npm.taobao.org/no-case/download/no-case-2.3.2.tgz",
      "integrity": "sha1-YLgTOWvjmz8SiKTB7V0efSi0ZKw=",
      "requires": {
        "lower-case": "1.1.4"
      }
    },
    "param-case": {
      "version": "2.1.1",
      "resolved": "http://registry.npm.taobao.org/param-case/download/param-case-2.1.1.tgz",
      "integrity": "sha1-35T9jPZTHs915r75oIWPvHK+Ikc=",
      "requires": {
        "no-case": "2.3.2"
      }
    },
    "readjson": {
      "version": "1.1.3",
      "resolved": "http://registry.npm.taobao.org/readjson/download/readjson-1.1.3.tgz",
      "integrity": "sha1-y0xpFVHG5P7mZ/UcKczi9c6kWTw=",
      "requires": {
        "try-catch": "1.0.0"
      }
    },
    "relateurl": {
      "version": "0.2.7",
      "resolved": "http://registry.npm.taobao.org/relateurl/download/relateurl-0.2.7.tgz",
      "integrity": "sha1-VNvzd+UUQKypCkzSdGANP/LYiKk="
    },
    "source-map": {
      "version": "0.5.7",
      "resolved": "http://registry.npm.taobao.org/source-map/download/source-map-0.5.7.tgz",
      "integrity": "sha1-igOdLRAh0i0eoUyA2OpGi6LvP8w="
    },
    "timem": {
      "version": "1.1.2",
      "resolved": "http://registry.npm.taobao.org/timem/download/timem-1.1.2.tgz",
      "integrity": "sha1-/pMAbCglOo2lxJKZMGmR+kzE9Aw="
    },
    "tomas": {
      "version": "2.0.2",
      "resolved": "http://registry.npm.taobao.org/tomas/download/tomas-2.0.2.tgz",
      "integrity": "sha1-RAnT054muHsi7LI7coCoT/a0Z1k=",
      "requires": {
        "checkup": "1.3.0",
        "execon": "1.2.9",
        "ischanged": "1.0.18",
        "mkdirp": "0.5.1"
      }
    },
    "try-catch": {
      "version": "1.0.0",
      "resolved": "http://registry.npm.taobao.org/try-catch/download/try-catch-1.0.0.tgz",
      "integrity": "sha1-N5fas5omZ3X00Npcv0Kso/A2COY="
    },
    "uglify-js": {
      "version": "3.3.7",
      "resolved": "http://registry.npm.taobao.org/uglify-js/download/uglify-js-3.3.7.tgz",
      "integrity": "sha1-KEY+fHRR+JBh0rI14wklv1Yl4U0=",
      "requires": {
        "commander": "2.13.0",
        "source-map": "0.6.1"
      },
      "dependencies": {
        "commander": {
          "version": "2.13.0",
          "resolved": "http://registry.npm.taobao.org/commander/download/commander-2.13.0.tgz",
          "integrity": "sha1-aWS8pnaF33wfFDDFhPB9dZeIW5w="
        },
        "source-map": {
          "version": "0.6.1",
          "resolved": "http://registry.npm.taobao.org/source-map/download/source-map-0.6.1.tgz",
          "integrity": "sha1-dHIq8y6WFOnCh6jQu95IteLxomM="
        }
      }
    },
    "upper-case": {
      "version": "1.1.3",
      "resolved": "http://registry.npm.taobao.org/upper-case/download/upper-case-1.1.3.tgz",
      "integrity": "sha1-9rRQHC7EzdJrp4vnIilh3ndiFZg="
    },
    "writejson": {
      "version": "1.1.1",
      "resolved": "http://registry.npm.taobao.org/writejson/download/writejson-1.1.1.tgz",
      "integrity": "sha1-KnJB5QqBBsO2wQqutW1a4KYJMKo=",
      "requires": {
        "try-catch": "1.0.0"
      }
    },
    "xml-char-classes": {
      "version": "1.0.0",
      "resolved": "http://registry.npm.taobao.org/xml-char-classes/download/xml-char-classes-1.0.0.tgz",
      "integrity": "sha1-ZGV4SKIP/F31g6Qq2KJ3tFErvE0="
    }
  }
}
